
Microsoft Visual Studio Solution File, Format Version 12.00
# Visual Studio 15
VisualStudioVersion = 15.0.27703.2026
MinimumVisualStudioVersion = 10.0.40219.1
Project("{FAE04EC0-301F-11D3-BF4B-00C04F79EFBC}") = "DVCS_Exercise", "DVCS_Exercise\DVCS_Exercise.csproj", "{4FC83F7B-32CF-4B28-B8FE-16F33868E514}"
EndProject
Global
	GlobalSection(SolutionConfigurationPlatforms) = preSolution
		Debug|Any CPU = Debug|Any CPU
		Release|Any CPU = Release|Any CPU
	EndGlobalSection
	GlobalSection(ProjectConfigurationPlatforms) = postSolution
		{4FC83F7B-32CF-4B28-B8FE-16F33868E514}.Debug|Any CPU.ActiveCfg = Debug|Any CPU
		{4FC83F7B-32CF-4B28-B8FE-16F33868E514}.Debug|Any CPU.Build.0 = Debug|Any CPU
		{4FC83F7B-32CF-4B28-B8FE-16F33868E514}.Release|Any CPU.ActiveCfg = Release|Any CPU
		{4FC83F7B-32CF-4B28-B8FE-16F33868E514}.Release|Any CPU.Build.0 = Release|Any CPU
	EndGlobalSection
	GlobalSection(SolutionProperties) = preSolution
		HideSolutionNode = FALSE
	EndGlobalSection
	GlobalSection(ExtensibilityGlobals) = postSolution
		SolutionGuid = {16E33E9D-0B40-4C29-A71A-5A187AE14B4B}
	EndGlobalSection
EndGlobal
